{
    "_readme": [
        "This file locks the dependencies of your project to a known state",
        "Read more about it at https://getcomposer.org/doc/01-basic-usage.md#composer-lock-the-lock-file",
        "This file is @generated automatically"
    ],
    "content-hash": "0120e28f7de147bc58254f20fc3a3196",
    "packages": [
        {
            "name": "gitonomy/gitlib",
            "version": "v0.1.8",
            "source": {
                "type": "git",
                "url": "https://github.com/gitonomy/gitlib.git",
                "reference": "f575b8f7da917ade7890c6aa705fa22545690389"
            },
            "dist": {
                "type": "zip",
                "url": "https://api.github.com/repos/gitonomy/gitlib/zipball/f575b8f7da917ade7890c6aa705fa22545690389",
                "reference": "f575b8f7da917ade7890c6aa705fa22545690389",
                "shasum": ""
            },
            "require": {
                "symfony/process": "^2.3|^3.0"
            },
            "require-dev": {
                "psr/log": "^1.0"
            },
            "suggest": {
                "psr/log": "Add some log"
            },
            "type": "library",
            "extra": {
                "branch-alias": {
                    "dev-master": "1.0-dev"
                }
            },
            "autoload": {
                "psr-4": {
                    "Gitonomy\\Git\\": "src/Gitonomy/Git/"
                }
            },
            "notification-url": "https://packagist.org/downloads/",
            "license": [
                "MIT"
            ],
            "authors": [
                {
                    "name": "Alexandre Salomé",
                    "email": "alexandre.salome@gmail.com",
                    "homepage": "http://alexandre-salome.fr"
                },
                {
                    "name": "Julien DIDIER",
                    "email": "genzo.wm@gmail.com",
                    "homepage": "http://www.jdidier.net"
                }
            ],
            "description": "Library for accessing git",
            "homepage": "http://gitonomy.com",
            "time": "2015-12-01T22:25:57+00:00"
        },
        {
            "name": "league/commonmark",
            "version": "0.10.0",
            "source": {
                "type": "git",
                "url": "https://github.com/thephpleague/commonmark.git",
                "reference": "984455f72d4f07669c1f5c545768f60c4e871585"
            },
            "dist": {
                "type": "zip",
                "url": "https://api.github.com/repos/thephpleague/commonmark/zipball/984455f72d4f07669c1f5c545768f60c4e871585",
                "reference": "984455f72d4f07669c1f5c545768f60c4e871585",
                "shasum": ""
            },
            "require": {
                "ext-mbstring": "*",
                "php": ">=5.4.8"
            },
            "replace": {
                "colinodell/commonmark-php": "*"
            },
            "require-dev": {
                "erusev/parsedown": "~1.0",
                "jgm/commonmark": "0.21",
                "jgm/smartpunct": "0.21",
                "michelf/php-markdown": "~1.4",
                "phpunit/phpunit": "~4.3",
                "phpunit/phpunit-mock-objects": "2.3.0",
                "symfony/finder": "~2.3"
            },
            "type": "library",
            "extra": {
                "branch-alias": {
                    "dev-master": "0.11-dev"
                }
            },
            "autoload": {
                "psr-4": {
                    "League\\CommonMark\\": "src/"
                }
            },
            "notification-url": "https://packagist.org/downloads/",
            "license": [
                "BSD-3-Clause"
            ],
            "authors": [
                {
                    "name": "Colin O'Dell",
                    "email": "colinodell@gmail.com",
                    "homepage": "http://www.colinodell.com",
                    "role": "Lead Developer"
                }
            ],
            "description": "Markdown parser for PHP based on the CommonMark spec",
            "homepage": "https://github.com/thephpleague/commonmark",
            "keywords": [
                "commonmark",
                "markdown",
                "parser"
            ],
            "time": "2015-07-25T14:37:05+00:00"
        },
        {
            "name": "psr/log",
            "version": "1.0.2",
            "source": {
                "type": "git",
                "url": "https://github.com/php-fig/log.git",
                "reference": "4ebe3a8bf773a19edfe0a84b6585ba3d401b724d"
            },
            "dist": {
                "type": "zip",
                "url": "https://api.github.com/repos/php-fig/log/zipball/4ebe3a8bf773a19edfe0a84b6585ba3d401b724d",
                "reference": "4ebe3a8bf773a19edfe0a84b6585ba3d401b724d",
                "shasum": ""
            },
            "require": {
                "php": ">=5.3.0"
            },
            "type": "library",
            "extra": {
                "branch-alias": {
                    "dev-master": "1.0.x-dev"
                }
            },
            "autoload": {
                "psr-4": {
                    "Psr\\Log\\": "Psr/Log/"
                }
            },
            "notification-url": "https://packagist.org/downloads/",
            "license": [
                "MIT"
            ],
            "authors": [
                {
                    "name": "PHP-FIG",
                    "homepage": "http://www.php-fig.org/"
                }
            ],
            "description": "Common interface for logging libraries",
            "homepage": "https://github.com/php-fig/log",
            "keywords": [
                "log",
                "psr",
                "psr-3"
            ],
            "time": "2016-10-10T12:19:37+00:00"
        },
        {
            "name": "sensiolabs/security-checker",
            "version": "v2.0.6",
            "source": {
                "type": "git",
                "url": "https://github.com/sensiolabs/security-checker.git",
                "reference": "7aa36d5986590e45badf052a96ee5d216043f06d"
            },
            "dist": {
                "type": "zip",
                "url": "https://api.github.com/repos/sensiolabs/security-checker/zipball/7aa36d5986590e45badf052a96ee5d216043f06d",
                "reference": "7aa36d5986590e45badf052a96ee5d216043f06d",
                "shasum": ""
            },
            "require": {
                "ext-curl": "*",
                "symfony/console": "~2.0"
            },
            "bin": [
                "security-checker"
            ],
            "type": "library",
            "extra": {
                "branch-alias": {
                    "dev-master": "2.0-dev"
                }
            },
            "autoload": {
                "psr-0": {
                    "SensioLabs\\Security": ""
                }
            },
            "notification-url": "https://packagist.org/downloads/",
            "license": [
                "MIT"
            ],
            "authors": [
                {
                    "name": "Fabien Potencier",
                    "email": "fabien.potencier@gmail.com"
                }
            ],
            "description": "A security checker for your composer.lock",
            "time": "2017-03-09T17:39:16+00:00"
        },
        {
            "name": "symfony/console",
            "version": "v2.8.38",
            "source": {
                "type": "git",
                "url": "https://github.com/symfony/console.git",
                "reference": "7f78892d900c72a40acd1fe793c856ef0c110f26"
            },
            "dist": {
                "type": "zip",
                "url": "https://api.github.com/repos/symfony/console/zipball/7f78892d900c72a40acd1fe793c856ef0c110f26",
                "reference": "7f78892d900c72a40acd1fe793c856ef0c110f26",
                "shasum": ""
            },
            "require": {
                "php": ">=5.3.9",
                "symfony/debug": "^2.7.2|~3.0.0",
                "symfony/polyfill-mbstring": "~1.0"
            },
            "require-dev": {
                "psr/log": "~1.0",
                "symfony/event-dispatcher": "~2.1|~3.0.0",
                "symfony/process": "~2.1|~3.0.0"
            },
            "suggest": {
                "psr/log": "For using the console logger",
                "symfony/event-dispatcher": "",
                "symfony/process": ""
            },
            "type": "library",
            "extra": {
                "branch-alias": {
                    "dev-master": "2.8-dev"
                }
            },
            "autoload": {
                "psr-4": {
                    "Symfony\\Component\\Console\\": ""
                },
                "exclude-from-classmap": [
                    "/Tests/"
                ]
            },
            "notification-url": "https://packagist.org/downloads/",
            "license": [
                "MIT"
            ],
            "authors": [
                {
                    "name": "Fabien Potencier",
                    "email": "fabien@symfony.com"
                },
                {
                    "name": "Symfony Community",
                    "homepage": "https://symfony.com/contributors"
                }
            ],
            "description": "Symfony Console Component",
            "homepage": "https://symfony.com",
            "time": "2018-04-03T05:20:27+00:00"
        },
        {
            "name": "symfony/debug",
            "version": "v3.0.9",
            "source": {
                "type": "git",
                "url": "https://github.com/symfony/debug.git",
                "reference": "697c527acd9ea1b2d3efac34d9806bf255278b0a"
            },
            "dist": {
                "type": "zip",
                "url": "https://api.github.com/repos/symfony/debug/zipball/697c527acd9ea1b2d3efac34d9806bf255278b0a",
                "reference": "697c527acd9ea1b2d3efac34d9806bf255278b0a",
                "shasum": ""
            },
            "require": {
                "php": ">=5.5.9",
                "psr/log": "~1.0"
            },
            "conflict": {
                "symfony/http-kernel": ">=2.3,<2.3.24|~2.4.0|>=2.5,<2.5.9|>=2.6,<2.6.2"
            },
            "require-dev": {
                "symfony/class-loader": "~2.8|~3.0",
                "symfony/http-kernel": "~2.8|~3.0"
            },
            "type": "library",
            "extra": {
                "branch-alias": {
                    "dev-master": "3.0-dev"
                }
            },
            "autoload": {
                "psr-4": {
                    "Symfony\\Component\\Debug\\": ""
                },
                "exclude-from-classmap": [
                    "/Tests/"
                ]
            },
            "notification-url": "https://packagist.org/downloads/",
            "license": [
                "MIT"
            ],
            "authors": [
                {
                    "name": "Fabien Potencier",
                    "email": "fabien@symfony.com"
                },
                {
                    "name": "Symfony Community",
                    "homepage": "https://symfony.com/contributors"
                }
            ],
            "description": "Symfony Debug Component",
            "homepage": "https://symfony.com",
            "time": "2016-07-30T07:22:48+00:00"
        },
        {
            "name": "symfony/polyfill-mbstring",
            "version": "v1.7.0",
            "source": {
                "type": "git",
                "url": "https://github.com/symfony/polyfill-mbstring.git",
                "reference": "78be803ce01e55d3491c1397cf1c64beb9c1b63b"
            },
            "dist": {
                "type": "zip",
                "url": "https://api.github.com/repos/symfony/polyfill-mbstring/zipball/78be803ce01e55d3491c1397cf1c64beb9c1b63b",
                "reference": "78be803ce01e55d3491c1397cf1c64beb9c1b63b",
                "shasum": ""
            },
            "require": {
                "php": ">=5.3.3"
            },
            "suggest": {
                "ext-mbstring": "For best performance"
            },
            "type": "library",
            "extra": {
                "branch-alias": {
                    "dev-master": "1.7-dev"
                }
            },
            "autoload": {
                "psr-4": {
                    "Symfony\\Polyfill\\Mbstring\\": ""
                },
                "files": [
                    "bootstrap.php"
                ]
            },
            "notification-url": "https://packagist.org/downloads/",
            "license": [
                "MIT"
            ],
            "authors": [
                {
                    "name": "Nicolas Grekas",
                    "email": "p@tchwork.com"
                },
                {
                    "name": "Symfony Community",
                    "homepage": "https://symfony.com/contributors"
                }
            ],
            "description": "Symfony polyfill for the Mbstring extension",
            "homepage": "https://symfony.com",
            "keywords": [
                "compatibility",
                "mbstring",
                "polyfill",
                "portable",
                "shim"
            ],
            "time": "2018-01-30T19:27:44+00:00"
        },
        {
            "name": "symfony/process",
            "version": "v3.4.8",
            "source": {
                "type": "git",
                "url": "https://github.com/symfony/process.git",
                "reference": "4b7d64e852886319e93ddfdecff0d744ab87658b"
            },
            "dist": {
                "type": "zip",
                "url": "https://api.github.com/repos/symfony/process/zipball/4b7d64e852886319e93ddfdecff0d744ab87658b",
                "reference": "4b7d64e852886319e93ddfdecff0d744ab87658b",
                "shasum": ""
            },
            "require": {
                "php": "^5.5.9|>=7.0.8"
            },
            "type": "library",
            "extra": {
                "branch-alias": {
                    "dev-master": "3.4-dev"
                }
            },
            "autoload": {
                "psr-4": {
                    "Symfony\\Component\\Process\\": ""
                },
                "exclude-from-classmap": [
                    "/Tests/"
                ]
            },
            "notification-url": "https://packagist.org/downloads/",
            "license": [
                "MIT"
            ],
            "authors": [
                {
                    "name": "Fabien Potencier",
                    "email": "fabien@symfony.com"
                },
                {
                    "name": "Symfony Community",
                    "homepage": "https://symfony.com/contributors"
                }
            ],
            "description": "Symfony Process Component",
            "homepage": "https://symfony.com",
            "time": "2018-04-03T05:22:50+00:00"
        },
        {
            "name": "webuni/commonmark-attributes-extension",
            "version": "0.2.0",
            "source": {
                "type": "git",
                "url": "https://github.com/webuni/commonmark-attributes-extension.git",
                "reference": "145216fbebfcabdecc0fb2ecdab24e7c6adec454"
            },
            "dist": {
                "type": "zip",
                "url": "https://api.github.com/repos/webuni/commonmark-attributes-extension/zipball/145216fbebfcabdecc0fb2ecdab24e7c6adec454",
                "reference": "145216fbebfcabdecc0fb2ecdab24e7c6adec454",
                "shasum": ""
            },
            "require": {
                "league/commonmark": "0.10.*|0.11.*",
                "php": ">=5.4"
            },
            "require-dev": {
                "fabpot/php-cs-fixer": "^1.9",
                "phpunit/phpunit": "^4.3",
                "webuni/commonmark-table-extension": "~0.3"
            },
            "type": "library",
            "extra": {
                "branch-alias": {
                    "dev-master": "0.1-dev"
                }
            },
            "autoload": {
                "psr-4": {
                    "Webuni\\CommonMark\\AttributesExtension\\": "src"
                }
            },
            "notification-url": "https://packagist.org/downloads/",
            "license": [
                "MIT"
            ],
            "authors": [
                {
                    "name": "Martin Hasoň",
                    "email": "martin.hason@gmail.com",
                    "role": "Lead Developer"
                }
            ],
            "description": "The attributes extension adds a syntax to define attributes on the various HTML elements in CommonMark PHP implementation.",
            "homepage": "https://github.com/webuni/commonmark-attributes-extension",
            "keywords": [
                "attributes",
                "commonmark",
                "markdown"
            ],
            "time": "2015-07-27T12:24:53+00:00"
        },
        {
            "name": "webuni/commonmark-table-extension",
            "version": "0.3.0",
            "source": {
                "type": "git",
                "url": "https://github.com/webuni/commonmark-table-extension.git",
                "reference": "d64d452d0d5800e168b0f105745677c2a61c5041"
            },
            "dist": {
                "type": "zip",
                "url": "https://api.github.com/repos/webuni/commonmark-table-extension/zipball/d64d452d0d5800e168b0f105745677c2a61c5041",
                "reference": "d64d452d0d5800e168b0f105745677c2a61c5041",
                "shasum": ""
            },
            "require": {
                "league/commonmark": "0.10.*|0.11.*",
                "php": ">=5.4"
            },
            "require-dev": {
                "fabpot/php-cs-fixer": "^1.9",
                "phpunit/phpunit": "^4.3"
            },
            "type": "library",
            "extra": {
                "branch-alias": {
                    "dev-master": "0.4-dev"
                }
            },
            "autoload": {
                "psr-4": {
                    "Webuni\\CommonMark\\TableExtension\\": "src"
                }
            },
            "notification-url": "https://packagist.org/downloads/",
            "license": [
                "MIT"
            ],
            "authors": [
                {
                    "name": "Martin Hasoň",
                    "email": "martin.hason@gmail.com",
                    "role": "Lead Developer"
                }
            ],
            "description": "The table extension for CommonMark PHP implementation",
            "homepage": "https://github.com/webuni/commonmark-table-extension",
            "keywords": [
                "commonmark",
                "markdown",
                "table"
            ],
            "time": "2015-07-27T12:17:09+00:00"
        }
    ],
    "packages-dev": [],
    "aliases": [],
    "minimum-stability": "stable",
    "stability-flags": [],
    "prefer-stable": true,
    "prefer-lowest": false,
    "platform": {
        "php": ">=5.3.0"
    },
    "platform-dev": []
}
